// !$*UTF8*$!
{
	archiveVersion = 1;
	classes = {
	};
	objectVersion = 50;
	objects = {

/* Begin PBXBuildFile section */
		0D511DC220EF0F55003332AB /* AppDelegate.swift in Sources */ = {isa = PBXBuildFile; fileRef = 0D511DC120EF0F55003332AB /* AppDelegate.swift */; };
		0D511DC420EF0F55003332AB /* ViewController.swift in Sources */ = {isa = PBXBuildFile; fileRef = 0D511DC320EF0F55003332AB /* ViewController.swift */; };
		0D511DC720EF0F55003332AB /* Main.storyboard in Resources */ = {isa = PBXBuildFile; fileRef = 0D511DC520EF0F55003332AB /* Main.storyboard */; };
		0D511DC920EF0F58003332AB /* Assets.xcassets in Resources */ = {isa = PBXBuildFile; fileRef = 0D511DC820EF0F58003332AB /* Assets.xcassets */; };
		0D511DCC20EF0F58003332AB /* LaunchScreen.storyboard in Resources */ = {isa = PBXBuildFile; fileRef = 0D511DCA20EF0F58003332AB /* LaunchScreen.storyboard */; };
		0D511DD620EF55C3003332AB /* ViewController+ldCategory.swift in Sources */ = {isa = PBXBuildFile; fileRef = 0D511DD520EF55C3003332AB /* ViewController+ldCategory.swift */; };
		E4D778FCBD0308F06D9DBEEA /* Pods_RXSwift_Study.framework in Frameworks */ = {isa = PBXBuildFile; fileRef = 0512517EB18759B67C0561C0 /* Pods_RXSwift_Study.framework */; };
/* End PBXBuildFile section */

/* Begin PBXFileReference section */
		0512517EB18759B67C0561C0 /* Pods_RXSwift_Study.framework */ = {isa = PBXFileReference; explicitFileType = wrapper.framework; includeInIndex = 0; path = Pods_RXSwift_Study.framework; sourceTree = BUILT_PRODUCTS_DIR; };
		0D511DBE20EF0F54003332AB /* RXSwift_Study.app */ = {isa = PBXFileReference; explicitFileType = wrapper.application; includeInIndex = 0; path = RXSwift_Study.app; sourceTree = BUILT_PRODUCTS_DIR; };
		0D511DC120EF0F55003332AB /* AppDelegate.swift */ = {isa = PBXFileReference; lastKnownFileType = sourcecode.swift; path = AppDelegate.swift; sourceTree = "<group>"; };
		0D511DC320EF0F55003332AB /* ViewController.swift */ = {isa = PBXFileReference; lastKnownFileType = sourcecode.swift; path = ViewController.swift; sourceTree = "<group>"; };
		0D511DC620EF0F55003332AB /* Base */ = {isa = PBXFileReference; lastKnownFileType = file.storyboard; name = Base; path = Base.lproj/Main.storyboard; sourceTree = "<group>"; };
		0D511DC820EF0F58003332AB /* Assets.xcassets */ = {isa = PBXFileReference; lastKnownFileType = folder.assetcatalog; path = Assets.xcassets; sourceTree = "<group>"; };
		0D511DCB20EF0F58003332AB /* Base */ = {isa = PBXFileReference; lastKnownFileType = file.storyboard; name = Base; path = Base.lproj/LaunchScreen.storyboard; sourceTree = "<group>"; };
		0D511DCD20EF0F58003332AB /* Info.plist */ = {isa = PBXFileReference; lastKnownFileType = text.plist.xml; path = Info.plist; sourceTree = "<group>"; };
		0D511DD520EF55C3003332AB /* ViewController+ldCategory.swift */ = {isa = PBXFileReference; lastKnownFileType = sourcecode.swift; path = "ViewController+ldCategory.swift"; sourceTree = "<group>"; };
		B5F2A30936BBD1EAB7793328 /* Pods-RXSwift_Study.release.xcconfig */ = {isa = PBXFileReference; includeInIndex = 1; lastKnownFileType = text.xcconfig; name = "Pods-RXSwift_Study.release.xcconfig"; path = "Pods/Target Support Files/Pods-RXSwift_Study/Pods-RXSwift_Study.release.xcconfig"; sourceTree = "<group>"; };
		B8BB7DF2143C3B1A47E584BF /* Pods-RXSwift_Study.debug.xcconfig */ = {isa = PBXFileReference; includeInIndex = 1; lastKnownFileType = text.xcconfig; name = "Pods-RXSwift_Study.debug.xcconfig"; path = "Pods/Target Support Files/Pods-RXSwift_Study/Pods-RXSwift_Study.debug.xcconfig"; sourceTree = "<group>"; };
/* End PBXFileReference section */

/* Begin PBXFrameworksBuildPhase section */
		0D511DBB20EF0F54003332AB /* Frameworks */ = {
			isa = PBXFrameworksBuildPhase;
			buildActionMask = 2147483647;
			files = (
				E4D778FCBD0308F06D9DBEEA /* Pods_RXSwift_Study.framework in Frameworks */,
			);
			runOnlyForDeploymentPostprocessing = 0;
		};
/* End PBXFrameworksBuildPhase section */

/* Begin PBXGroup section */
		0D067F63D97C3276CF3127A6 /* Pods */ = {
			isa = PBXGroup;
			children = (
				B8BB7DF2143C3B1A47E584BF /* Pods-RXSwift_Study.debug.xcconfig */,
				B5F2A30936BBD1EAB7793328 /* Pods-RXSwift_Study.release.xcconfig */,
			);
			name = Pods;
			sourceTree = "<group>";
		};
		0D511DB520EF0F54003332AB = {
			isa = PBXGroup;
			children = (
				0D511DC020EF0F54003332AB /* RXSwift_Study */,
				0D511DBF20EF0F54003332AB /* Products */,
				0D067F63D97C3276CF3127A6 /* Pods */,
				7B014C85FAB85D062C63417B /* Frameworks */,
			);
			sourceTree = "<group>";
		};
		0D511DBF20EF0F54003332AB /* Products */ = {
			isa = PBXGroup;
			children = (
				0D511DBE20EF0F54003332AB /* RXSwift_Study.app */,
			);
			name = Products;
			sourceTree = "<group>";
		};
		0D511DC020EF0F54003332AB /* RXSwift_Study */ = {
			isa = PBXGroup;
			children = (
				0D511DC120EF0F55003332AB /* AppDelegate.swift */,
				0D511DC320EF0F55003332AB /* ViewController.swift */,
				0D511DD520EF55C3003332AB /* ViewController+ldCategory.swift */,
				0D511DC520EF0F55003332AB /* Main.storyboard */,
				0D511DC820EF0F58003332AB /* Assets.xcassets */,
				0D511DCA20EF0F58003332AB /* LaunchScreen.storyboard */,
				0D511DCD20EF0F58003332AB /* Info.plist */,
			);
			path = RXSwift_Study;
			sourceTree = "<group>";
		};
		7B014C85FAB85D062C63417B /* Frameworks */ = {
			isa = PBXGroup;
			children = (
				0512517EB18759B67C0561C0 /* Pods_RXSwift_Study.framework */,
			);
			name = Frameworks;
			sourceTree = "<group>";
		};
/* End PBXGroup section */

/* Begin PBXNativeTarget section */
		0D511DBD20EF0F54003332AB /* RXSwift_Study */ = {
			isa = PBXNativeTarget;
			buildConfigurationList = 0D511DD020EF0F58003332AB /* Build configuration list for PBXNativeTarget "RXSwift_Study" */;
			buildPhases = (
				6F887719360E2FD6F564E38F /* [CP] Check Pods Manifest.lock */,
				0D511DBA20EF0F54003332AB /* Sources */,
				0D511DBB20EF0F54003332AB /* Frameworks */,
				0D511DBC20EF0F54003332AB /* Resources */,
				85A97710B3A93B0C95525145 /* [CP] Embed Pods Frameworks */,
			);
			buildRules = (
			);
			dependencies = (
			);
			name = RXSwift_Study;
			productName = RXSwift_Study;
			productReference = 0D511DBE20EF0F54003332AB /* RXSwift_Study.app */;
			productType = "com.apple.product-type.application";
		};
/* End PBXNativeTarget section */

/* Begin PBXProject section */
		0D511DB620EF0F54003332AB /* Project object */ = {
			isa = PBXProject;
			attributes = {
				LastSwiftUpdateCheck = 0930;
				LastUpgradeCheck = 0930;
				ORGANIZATIONNAME = lingda;
				TargetAttributes = {
					0D511DBD20EF0F54003332AB = {
						CreatedOnToolsVersion = 9.3.1;
					};
				};
			};
			buildConfigurationList = 0D511DB920EF0F54003332AB /* Build configuration list for PBXProject "RXSwift_Study" */;
			compatibilityVersion = "Xcode 9.3";
			developmentRegion = en;
			hasScannedForEncodings = 0;
			knownRegions = (
				en,
				Base,
			);
			mainGroup = 0D511DB520EF0F54003332AB;
			productRefGroup = 0D511DBF20EF0F54003332AB /* Products */;
			projectDirPath = "";
			projectRoot = "";
			targets = (
				0D511DBD20EF0F54003332AB /* RXSwift_Study */,
			);
		};
/* End PBXProject section */

/* Begin PBXResourcesBuildPhase section */
		0D511DBC20EF0F54003332AB /* Resources */ = {
			isa = PBXResourcesBuildPhase;
			buildActionMask = 2147483647;
			files = (
				0D511DCC20EF0F58003332AB /* LaunchScreen.storyboard in Resources */,
				0D511DC920EF0F58003332AB /* Assets.xcassets in Resources */,
				0D511DC720EF0F55003332AB /* Main.storyboard in Resources */,
			);
			runOnlyForDeploymentPostprocessing = 0;
		};
/* End PBXResourcesBuildPhase section */

/* Begin PBXShellScriptBuildPhase section */
		6F887719360E2FD6F564E38F /* [CP] Check Pods Manifest.lock */ = {
			isa = PBXShellScriptBuildPhase;
			buildActionMask = 2147483647;
			files = (
			);
			inputPaths = (
				"${PODS_PODFILE_DIR_PATH}/Podfile.lock",
				"${PODS_ROOT}/Manifest.lock",
			);
			name = "[CP] Check Pods Manifest.lock";
			outputPaths = (
				"$(DERIVED_FILE_DIR)/Pods-RXSwift_Study-checkManifestLockResult.txt",
			);
			runOnlyForDeploymentPostprocessing = 0;
			shellPath = /bin/sh;
			shellScript = "diff \"${PODS_PODFILE_DIR_PATH}/Podfile.lock\" \"${PODS_ROOT}/Manifest.lock\" > /dev/null\nif [ $? != 0 ] ; then\n    # print error to STDERR\n    echo \"error: The sandbox is not in sync with the Podfile.lock. Run 'pod install' or update your CocoaPods installation.\" >&2\n    exit 1\nfi\n# This output is used by Xcode 'outputs' to avoid re-running this script phase.\necho \"SUCCESS\" > \"${SCRIPT_OUTPUT_FILE_0}\"\n";
			showEnvVarsInLog = 0;
		};
		85A97710B3A93B0C95525145 /* [CP] Embed Pods Frameworks */ = {
			isa = PBXShellScriptBuildPhase;
			buildActionMask = 2147483647;
			files = (
			);
			inputPaths = (
				"${SRCROOT}/Pods/Target Support Files/Pods-RXSwift_Study/Pods-RXSwift_Study-frameworks.sh",
				"${BUILT_PRODUCTS_DIR}/RxCocoa/RxCocoa.framework",
				"${BUILT_PRODUCTS_DIR}/RxSwift/RxSwift.framework",
			);
			name = "[CP] Embed Pods Frameworks";
			outputPaths = (
				"${TARGET_BUILD_DIR}/${FRAMEWORKS_FOLDER_PATH}/RxCocoa.framework",
				"${TARGET_BUILD_DIR}/${FRAMEWORKS_FOLDER_PATH}/RxSwift.framework",
			);
			runOnlyForDeploymentPostprocessing = 0;
			shellPath = /bin/sh;
			shellScript = "\"${SRCROOT}/Pods/Target Support Files/Pods-RXSwift_Study/Pods-RXSwift_Study-frameworks.sh\"\n";
			showEnvVarsInLog = 0;
		};
/* End PBXShellScriptBuildPhase section */

/* Begin PBXSourcesBuildPhase section */
		0D511DBA20EF0F54003332AB /* Sources */ = {
			isa = PBXSourcesBuildPhase;
			buildActionMask = 2147483647;
			files = (
				0D511DC420EF0F55003332AB /* ViewController.swift in Sources */,
				0D511DD620EF55C3003332AB /* ViewController+ldCategory.swift in Sources */,
				0D511DC220EF0F55003332AB /* AppDelegate.swift in Sources */,
			);
			runOnlyForDeploymentPostprocessing = 0;
		};
/* End PBXSourcesBuildPhase section */

/* Begin PBXVariantGroup section */
		0D511DC520EF0F55003332AB /* Main.storyboard */ = {
			isa = PBXVariantGroup;
			children = (
				0D511DC620EF0F55003332AB /* Base */,
			);
			name = Main.storyboard;
			sourceTree = "<group>";
		};
		0D511DCA20EF0F58003332AB /* LaunchScreen.storyboard */ = {
			isa = PBXVariantGroup;
			children = (
				0D511DCB20EF0F58003332AB /* Base */,
			);
			name = LaunchScreen.storyboard;
			sourceTree = "<group>";
		};
/* End PBXVariantGroup section */

/* Begin XCBuildConfiguration section */
		0D511DCE20EF0F58003332AB /* Debug */ = {
			isa = XCBuildConfiguration;
			buildSettings = {
				ALWAYS_SEARCH_USER_PATHS = NO;
				CLANG_ANALYZER_NONNULL = YES;
				CLANG_ANALYZER_NUMBER_OBJECT_CONVERSION = YES_AGGRESSIVE;
				CLANG_CXX_LANGUAGE_STANDARD = "gnu++14";
				CLANG_CXX_LIBRARY = "libc++";
				CLANG_ENABLE_MODULES = YES;
				CLANG_ENABLE_OBJC_ARC = YES;
				CLANG_ENABLE_OBJC_WEAK = YES;
				CLANG_WARN_BLOCK_CAPTURE_AUTORELEASING = YES;
				CLANG_WARN_BOOL_CONVERSION = YES;
				CLANG_WARN_COMMA = YES;
				CLANG_WARN_CONSTANT_CONVERSION = YES;
				CLANG_WARN_DEPRECATED_OBJC_IMPLEMENTATIONS = YES;
				CLANG_WARN_DIRECT_OBJC_ISA_USAGE = YES_ERROR;
				CLANG_WARN_DOCUMENTATION_COMMENTS = YES;
				CLANG_WARN_EMPTY_BODY = YES;
				CLANG_WARN_ENUM_CONVERSION = YES;
				CLANG_WARN_INFINITE_RECURSION = YES;
				CLANG_WARN_INT_CONVERSION = YES;
				CLANG_WARN_NON_LITERAL_NULL_CONVERSION = YES;
				CLANG_WARN_OBJC_IMPLICIT_RETAIN_SELF = YES;
				CLANG_WARN_OBJC_LITERAL_CONVERSION = YES;
				CLANG_WARN_OBJC_ROOT_CLASS = YES_ERROR;
				CLANG_WARN_RANGE_LOOP_ANALYSIS = YES;
				CLANG_WARN_STRICT_PROTOTYPES = YES;
				CLANG_WARN_SUSPICIOUS_MOVE = YES;
				CLANG_WARN_UNGUARDED_AVAILABILITY = YES_AGGRESSIVE;
				CLANG_WARN_UNREACHABLE_CODE = YES;
				CLANG_WARN__DUPLICATE_METHOD_MATCH = YES;
				CODE_SIGN_IDENTITY = "iPhone Developer";
				COPY_PHASE_STRIP = NO;
				DEBUG_INFORMATION_FORMAT = dwarf;
				ENABLE_STRICT_OBJC_MSGSEND = YES;
				ENABLE_TESTABILITY = YES;
				GCC_C_LANGUAGE_STANDARD = gnu11;
				GCC_DYNAMIC_NO_PIC = NO;
				GCC_NO_COMMON_BLOCKS = YES;
				GCC_OPTIMIZATION_LEVEL = 0;
				GCC_PREPROCESSOR_DEFINITIONS = (
					"DEBUG=1",
					"$(inherited)",
				);
				GCC_WARN_64_TO_32_BIT_CONVERSION = YES;
				GCC_WARN_ABOUT_RETURN_TYPE = YES_ERROR;
				GCC_WARN_UNDECLARED_SELECTOR = YES;
				GCC_WARN_UNINITIALIZED_AUTOS = YES_AGGRESSIVE;
				GCC_WARN_UNUSED_FUNCTION = YES;
				GCC_WARN_UNUSED_VARIABLE = YES;
				IPHONEOS_DEPLOYMENT_TARGET = 11.3;
				MTL_ENABLE_DEBUG_INFO = YES;
				ONLY_ACTIVE_ARCH = YES;
				SDKROOT = iphoneos;
				SWIFT_ACTIVE_COMPILATION_CONDITIONS = DEBUG;
				SWIFT_OPTIMIZATION_LEVEL = "-Onone";
			};
			name = Debug;
		};
		0D511DCF20EF0F58003332AB /* Release */ = {
			isa = XCBuildConfiguration;
			buildSettings = {
				ALWAYS_SEARCH_USER_PATHS = NO;
				CLANG_ANALYZER_NONNULL = YES;
				CLANG_ANALYZER_NUMBER_OBJECT_CONVERSION = YES_AGGRESSIVE;
				CLANG_CXX_LANGUAGE_STANDARD = "gnu++14";
				CLANG_CXX_LIBRARY = "libc++";
				CLANG_ENABLE_MODULES = YES;
				CLANG_ENABLE_OBJC_ARC = YES;
				CLANG_ENABLE_OBJC_WEAK = YES;
				CLANG_WARN_BLOCK_CAPTURE_AUTORELEASING = YES;
				CLANG_WARN_BOOL_CONVERSION = YES;
				CLANG_WARN_COMMA = YES;
				CLANG_WARN_CONSTANT_CONVERSION = YES;
				CLANG_WARN_DEPRECATED_OBJC_IMPLEMENTATIONS = YES;
				CLANG_WARN_DIRECT_OBJC_ISA_USAGE = YES_ERROR;
				CLANG_WARN_DOCUMENTATION_COMMENTS = YES;
				CLANG_WARN_EMPTY_BODY = YES;
				CLANG_WARN_ENUM_CONVERSION = YES;
				CLANG_WARN_INFINITE_RECURSION = YES;
				CLANG_WARN_INT_CONVERSION = YES;
				CLANG_WARN_NON_LITERAL_NULL_CONVERSION = YES;
				CLANG_WARN_OBJC_IMPLICIT_RETAIN_SELF = YES;
				CLANG_WARN_OBJC_LITERAL_CONVERSION = YES;
				CLANG_WARN_OBJC_ROOT_CLASS = YES_ERROR;
				CLANG_WARN_RANGE_LOOP_ANALYSIS = YES;
				CLANG_WARN_STRICT_PROTOTYPES = YES;
				CLANG_WARN_SUSPICIOUS_MOVE = YES;
				CLANG_WARN_UNGUARDED_AVAILABILITY = YES_AGGRESSIVE;
				CLANG_WARN_UNREACHABLE_CODE = YES;
				CLANG_WARN__DUPLICATE_METHOD_MATCH = YES;
				CODE_SIGN_IDENTITY = "iPhone Developer";
				COPY_PHASE_STRIP = NO;
				DEBUG_INFORMATION_FORMAT = "dwarf-with-dsym";
				ENABLE_NS_ASSERTIONS = NO;
				ENABLE_STRICT_OBJC_MSGSEND = YES;
				GCC_C_LANGUAGE_STANDARD = gnu11;
				GCC_NO_COMMON_BLOCKS = YES;
				GCC_WARN_64_TO_32_BIT_CONVERSION = YES;
				GCC_WARN_ABOUT_RETURN_TYPE = YES_ERROR;
				GCC_WARN_UNDECLARED_SELECTOR = YES;
				GCC_WARN_UNINITIALIZED_AUTOS = YES_AGGRESSIVE;
				GCC_WARN_UNUSED_FUNCTION = YES;
				GCC_WARN_UNUSED_VARIABLE = YES;
				IPHONEOS_DEPLOYMENT_TARGET = 11.3;
				MTL_ENABLE_DEBUG_INFO = NO;
				SDKROOT = iphoneos;
				SWIFT_COMPILATION_MODE = wholemodule;
				SWIFT_OPTIMIZATION_LEVEL = "-O";
				VALIDATE_PRODUCT = YES;
			};
			name = Release;
		};
		0D511DD120EF0F58003332AB /* Debug */ = {
			isa = XCBuildConfiguration;
			baseConfigurationReference = B8BB7DF2143C3B1A47E584BF /* Pods-RXSwift_Study.debug.xcconfig */;
			buildSettings = {
				ASSETCATALOG_COMPILER_APPICON_NAME = AppIcon;
				CODE_SIGN_STYLE = Automatic;
				INFOPLIST_FILE = RXSwift_Study/Info.plist;
				LD_RUNPATH_SEARCH_PATHS = (
					"$(inherited)",
					"@executable_path/Frameworks",
				);
				PRODUCT_BUNDLE_IDENTIFIER = "ddd.RXSwift-Study";
				PRODUCT_NAME = "$(TARGET_NAME)";
				SWIFT_VERSION = 4.0;
				TARGETED_DEVICE_FAMILY = "1,2";
			};
			name = Debug;
		};
		0D511DD220EF0F58003332AB /* Release */ = {
			isa = XCBuildConfiguration;
			baseConfigurationReference = B5F2A30936BBD1EAB7793328 /* Pods-RXSwift_Study.release.xcconfig */;
			buildSettings = {
				ASSETCATALOG_COMPILER_APPICON_NAME = AppIcon;
				CODE_SIGN_STYLE = Automatic;
				INFOPLIST_FILE = RXSwift_Study/Info.plist;
				LD_RUNPATH_SEARCH_PATHS = (
					"$(inherited)",
					"@executable_path/Frameworks",
				);
				PRODUCT_BUNDLE_IDENTIFIER = "ddd.RXSwift-Study";
				PRODUCT_NAME = "$(TARGET_NAME)";
				SWIFT_VERSION = 4.0;
				TARGETED_DEVICE_FAMILY = "1,2";
			};
			name = Release;
		};
/* End XCBuildConfiguration section */

/* Begin XCConfigurationList section */
		0D511DB920EF0F54003332AB /* Build configuration list for PBXProject "RXSwift_Study" */ = {
			isa = XCConfigurationList;
			buildConfigurations = (
				0D511DCE20EF0F58003332AB /* Debug */,
				0D511DCF20EF0F58003332AB /* Release */,
			);
			defaultConfigurationIsVisible = 0;
			defaultConfigurationName = Release;
		};
		0D511DD020EF0F58003332AB /* Build configuration list for PBXNativeTarget "RXSwift_Study" */ = {
			isa = XCConfigurationList;
			buildConfigurations = (
				0D511DD120EF0F58003332AB /* Debug */,
				0D511DD220EF0F58003332AB /* Release */,
			);
			defaultConfigurationIsVisible = 0;
			defaultConfigurationName = Release;
		};
/* End XCConfigurationList section */
	};
	rootObject = 0D511DB620EF0F54003332AB /* Project object */;
}
